{
  "name": "node_server",
  "version": "1.0.0",
  "lockfileVersion": 3,
  "requires": true,
  "packages": {
    "": {
      "name": "node_server",
      "version": "1.0.0",
      "license": "MIT",
      "dependencies": {
        "@hono/node-server": "^2.0.0"
      }
    },
    "node_modules/@hono/node-server": {
      "version": "2.0.3",
      "resolved": "https://registry.npmjs.org/@hono/node-server/-/node-server-2.0.3.tgz",
      "integrity": "sha512-a0jV+/HRe3G5zjFID3zObAQFdkl6zpxTuqktdDDXS3MJKcrZIkB8OkLpNBlY/WXFqv2HF4a0takPej+aNFczWA==",
      "license": "MIT",
      "engines": {
        "node": ">=20"
      },
      "peerDependencies": {
        "hono": "^4"
      }
    },
    "node_modules/hono": {
      "version": "4.9.8",
      "resolved": "https://registry.npmjs.org/hono/-/hono-4.9.8.tgz",
      "integrity": "sha512-JW8Bb4RFWD9iOKxg5PbUarBYGM99IcxFl2FPBo2gSJO11jjUDqlP1Bmfyqt8Z/dGhIQ63PMA9LdcLefXyIasyg==",
      "license": "MIT",
      "peer": true,
      "engines": {
        "node": ">=16.9.0"
      }
    }
  }
}
